# This file was autogenerated by Stack.
# You should not edit this file by hand.
# For more information, please see the documentation at:
#   https://docs.haskellstack.org/en/stable/lock_files

packages:
- completed:
    hackage: warp-3.3.23@sha256:0959cc33ae0b2940ebb81f2482095fe9566abaf487cae312284c507c00008fa1,11012
    pantry-tree:
      size: 3838
      sha256: e8203ab1555e2e968adab3b868feedd362a7752a9f477b8aeaf21754949a581e
  original:
    hackage: warp-3.3.23
snapshots:
- completed:
    size: 648660
    url: https://raw.githubusercontent.com/commercialhaskell/stackage-snapshots/master/lts/20/4.yaml
    sha256: 3770dfd79f5aed67acdcc65c4e7730adddffe6dba79ea723cfb0918356fc0f94
  original:
    url: https://raw.githubusercontent.com/commercialhaskell/stackage-snapshots/master/lts/20/4.yaml
